
Microsoft Visual Studio Solution File, Format Version 12.00
# Visual Studio 14
VisualStudioVersion = 14.0.25420.1
MinimumVisualStudioVersion = 10.0.40219.1
Project("{FAE04EC0-301F-11D3-BF4B-00C04F79EFBC}") = "TCPSERVR", "TCPSERVR\TCPSERVR.csproj", "{D44AB72D-2586-4927-B7A1-9CA1AE7EC398}"
EndProject
Project("{FAE04EC0-301F-11D3-BF4B-00C04F79EFBC}") = "Console", "Console\Console.csproj", "{014E986C-90E6-45A4-89C4-FB2BB0AB4D70}"
EndProject
Project("{FAE04EC0-301F-11D3-BF4B-00C04F79EFBC}") = "TBASIC", "tbasic\TBASIC.csproj", "{0E00B454-68C8-4144-B1A5-8120B2740466}"
EndProject
Global
	GlobalSection(SolutionConfigurationPlatforms) = preSolution
		Debug|Any CPU = Debug|Any CPU
		Debug|ARM = Debug|ARM
		Debug|Mixed Platforms = Debug|Mixed Platforms
		Debug|x64 = Debug|x64
		Debug|x86 = Debug|x86
		Release|Any CPU = Release|Any CPU
		Release|ARM = Release|ARM
		Release|Mixed Platforms = Release|Mixed Platforms
		Release|x64 = Release|x64
		Release|x86 = Release|x86
	EndGlobalSection
	GlobalSection(ProjectConfigurationPlatforms) = postSolution
		{D44AB72D-2586-4927-B7A1-9CA1AE7EC398}.Debug|Any CPU.ActiveCfg = Debug|Any CPU
		{D44AB72D-2586-4927-B7A1-9CA1AE7EC398}.Debug|Any CPU.Build.0 = Debug|Any CPU
		{D44AB72D-2586-4927-B7A1-9CA1AE7EC398}.Debug|ARM.ActiveCfg = Debug|Any CPU
		{D44AB72D-2586-4927-B7A1-9CA1AE7EC398}.Debug|Mixed Platforms.ActiveCfg = Debug|Any CPU
		{D44AB72D-2586-4927-B7A1-9CA1AE7EC398}.Debug|Mixed Platforms.Build.0 = Debug|Any CPU
		{D44AB72D-2586-4927-B7A1-9CA1AE7EC398}.Debug|x64.ActiveCfg = Debug|Any CPU
		{D44AB72D-2586-4927-B7A1-9CA1AE7EC398}.Debug|x86.ActiveCfg = Debug|Any CPU
		{D44AB72D-2586-4927-B7A1-9CA1AE7EC398}.Release|Any CPU.ActiveCfg = Release|Any CPU
		{D44AB72D-2586-4927-B7A1-9CA1AE7EC398}.Release|Any CPU.Build.0 = Release|Any CPU
		{D44AB72D-2586-4927-B7A1-9CA1AE7EC398}.Release|ARM.ActiveCfg = Release|Any CPU
		{D44AB72D-2586-4927-B7A1-9CA1AE7EC398}.Release|Mixed Platforms.ActiveCfg = Release|Any CPU
		{D44AB72D-2586-4927-B7A1-9CA1AE7EC398}.Release|Mixed Platforms.Build.0 = Release|Any CPU
		{D44AB72D-2586-4927-B7A1-9CA1AE7EC398}.Release|x64.ActiveCfg = Release|Any CPU
		{D44AB72D-2586-4927-B7A1-9CA1AE7EC398}.Release|x86.ActiveCfg = Release|Any CPU
		{014E986C-90E6-45A4-89C4-FB2BB0AB4D70}.Debug|Any CPU.ActiveCfg = Debug|Any CPU
		{014E986C-90E6-45A4-89C4-FB2BB0AB4D70}.Debug|Any CPU.Build.0 = Debug|Any CPU
		{014E986C-90E6-45A4-89C4-FB2BB0AB4D70}.Debug|ARM.ActiveCfg = Debug|Any CPU
		{014E986C-90E6-45A4-89C4-FB2BB0AB4D70}.Debug|Mixed Platforms.ActiveCfg = Debug|Any CPU
		{014E986C-90E6-45A4-89C4-FB2BB0AB4D70}.Debug|Mixed Platforms.Build.0 = Debug|Any CPU
		{014E986C-90E6-45A4-89C4-FB2BB0AB4D70}.Debug|x64.ActiveCfg = Debug|Any CPU
		{014E986C-90E6-45A4-89C4-FB2BB0AB4D70}.Debug|x86.ActiveCfg = Debug|Any CPU
		{014E986C-90E6-45A4-89C4-FB2BB0AB4D70}.Release|Any CPU.ActiveCfg = Release|Any CPU
		{014E986C-90E6-45A4-89C4-FB2BB0AB4D70}.Release|Any CPU.Build.0 = Release|Any CPU
		{014E986C-90E6-45A4-89C4-FB2BB0AB4D70}.Release|ARM.ActiveCfg = Release|Any CPU
		{014E986C-90E6-45A4-89C4-FB2BB0AB4D70}.Release|Mixed Platforms.ActiveCfg = Release|Any CPU
		{014E986C-90E6-45A4-89C4-FB2BB0AB4D70}.Release|Mixed Platforms.Build.0 = Release|Any CPU
		{014E986C-90E6-45A4-89C4-FB2BB0AB4D70}.Release|x64.ActiveCfg = Release|Any CPU
		{014E986C-90E6-45A4-89C4-FB2BB0AB4D70}.Release|x86.ActiveCfg = Release|Any CPU
		{0E00B454-68C8-4144-B1A5-8120B2740466}.Debug|Any CPU.ActiveCfg = Debug|Any CPU
		{0E00B454-68C8-4144-B1A5-8120B2740466}.Debug|Any CPU.Build.0 = Debug|Any CPU
		{0E00B454-68C8-4144-B1A5-8120B2740466}.Debug|ARM.ActiveCfg = Debug|Any CPU
		{0E00B454-68C8-4144-B1A5-8120B2740466}.Debug|ARM.Build.0 = Debug|Any CPU
		{0E00B454-68C8-4144-B1A5-8120B2740466}.Debug|Mixed Platforms.ActiveCfg = Debug|Any CPU
		{0E00B454-68C8-4144-B1A5-8120B2740466}.Debug|Mixed Platforms.Build.0 = Debug|Any CPU
		{0E00B454-68C8-4144-B1A5-8120B2740466}.Debug|x64.ActiveCfg = Debug|Any CPU
		{0E00B454-68C8-4144-B1A5-8120B2740466}.Debug|x64.Build.0 = Debug|Any CPU
		{0E00B454-68C8-4144-B1A5-8120B2740466}.Debug|x86.ActiveCfg = Debug|Any CPU
		{0E00B454-68C8-4144-B1A5-8120B2740466}.Debug|x86.Build.0 = Debug|Any CPU
		{0E00B454-68C8-4144-B1A5-8120B2740466}.Release|Any CPU.ActiveCfg = Release|Any CPU
		{0E00B454-68C8-4144-B1A5-8120B2740466}.Release|Any CPU.Build.0 = Release|Any CPU
		{0E00B454-68C8-4144-B1A5-8120B2740466}.Release|ARM.ActiveCfg = Release|Any CPU
		{0E00B454-68C8-4144-B1A5-8120B2740466}.Release|ARM.Build.0 = Release|Any CPU
		{0E00B454-68C8-4144-B1A5-8120B2740466}.Release|Mixed Platforms.ActiveCfg = Release|Any CPU
		{0E00B454-68C8-4144-B1A5-8120B2740466}.Release|Mixed Platforms.Build.0 = Release|Any CPU
		{0E00B454-68C8-4144-B1A5-8120B2740466}.Release|x64.ActiveCfg = Release|Any CPU
		{0E00B454-68C8-4144-B1A5-8120B2740466}.Release|x64.Build.0 = Release|Any CPU
		{0E00B454-68C8-4144-B1A5-8120B2740466}.Release|x86.ActiveCfg = Release|Any CPU
		{0E00B454-68C8-4144-B1A5-8120B2740466}.Release|x86.Build.0 = Release|Any CPU
	EndGlobalSection
	GlobalSection(SolutionProperties) = preSolution
		HideSolutionNode = FALSE
	EndGlobalSection
EndGlobal
